// !$*UTF8*$!
{
	archiveVersion = 1;
	classes = {
	};
	objectVersion = 46;
	objects = {

/* Begin PBXBuildFile section */
		37152B0515EBD19B0073A628 /* README.markdown in Resources */ = {isa = PBXBuildFile; fileRef = 37152B0415EBD19B0073A628 /* README.markdown */; };
		37451D7215C2F10900327D82 /* UIKit.framework in Frameworks */ = {isa = PBXBuildFile; fileRef = 37451D7115C2F10900327D82 /* UIKit.framework */; };
		37451D7415C2F10900327D82 /* Foundation.framework in Frameworks */ = {isa = PBXBuildFile; fileRef = 37451D7315C2F10900327D82 /* Foundation.framework */; };
		37451D7615C2F10900327D82 /* CoreGraphics.framework in Frameworks */ = {isa = PBXBuildFile; fileRef = 37451D7515C2F10900327D82 /* CoreGraphics.framework */; };
		37451D7C15C2F10900327D82 /* InfoPlist.strings in Resources */ = {isa = PBXBuildFile; fileRef = 37451D7A15C2F10900327D82 /* InfoPlist.strings */; };
		37451D7E15C2F10900327D82 /* main.m in Sources */ = {isa = PBXBuildFile; fileRef = 37451D7D15C2F10900327D82 /* main.m */; };
		37451D8215C2F10900327D82 /* AppDelegate.m in Sources */ = {isa = PBXBuildFile; fileRef = 37451D8115C2F10900327D82 /* AppDelegate.m */; };
		37451D8515C2F10900327D82 /* MainStoryboard.storyboard in Resources */ = {isa = PBXBuildFile; fileRef = 37451D8315C2F10900327D82 /* MainStoryboard.storyboard */; };
		37451D8815C2F10900327D82 /* ViewController.m in Sources */ = {isa = PBXBuildFile; fileRef = 37451D8715C2F10900327D82 /* ViewController.m */; };
		37451D9515C2F86500327D82 /* URLParser.m in Sources */ = {isa = PBXBuildFile; fileRef = 37451D9415C2F86500327D82 /* URLParser.m */; };
		37451D9815C2F87800327D82 /* NSString+URLEncoding.m in Sources */ = {isa = PBXBuildFile; fileRef = 37451D9715C2F87800327D82 /* NSString+URLEncoding.m */; };
/* End PBXBuildFile section */

/* Begin PBXFileReference section */
		37152B0415EBD19B0073A628 /* README.markdown */ = {isa = PBXFileReference; fileEncoding = 4; lastKnownFileType = text; path = README.markdown; sourceTree = "<group>"; };
		37451D6D15C2F10900327D82 /* URLSchemes.app */ = {isa = PBXFileReference; explicitFileType = wrapper.application; includeInIndex = 0; path = URLSchemes.app; sourceTree = BUILT_PRODUCTS_DIR; };
		37451D7115C2F10900327D82 /* UIKit.framework */ = {isa = PBXFileReference; lastKnownFileType = wrapper.framework; name = UIKit.framework; path = System/Library/Frameworks/UIKit.framework; sourceTree = SDKROOT; };
		37451D7315C2F10900327D82 /* Foundation.framework */ = {isa = PBXFileReference; lastKnownFileType = wrapper.framework; name = Foundation.framework; path = System/Library/Frameworks/Foundation.framework; sourceTree = SDKROOT; };
		37451D7515C2F10900327D82 /* CoreGraphics.framework */ = {isa = PBXFileReference; lastKnownFileType = wrapper.framework; name = CoreGraphics.framework; path = System/Library/Frameworks/CoreGraphics.framework; sourceTree = SDKROOT; };
		37451D7915C2F10900327D82 /* URLSchemes-Info.plist */ = {isa = PBXFileReference; lastKnownFileType = text.plist.xml; path = "URLSchemes-Info.plist"; sourceTree = "<group>"; };
		37451D7B15C2F10900327D82 /* en */ = {isa = PBXFileReference; lastKnownFileType = text.plist.strings; name = en; path = en.lproj/InfoPlist.strings; sourceTree = "<group>"; };
		37451D7D15C2F10900327D82 /* main.m */ = {isa = PBXFileReference; lastKnownFileType = sourcecode.c.objc; path = main.m; sourceTree = "<group>"; };
		37451D7F15C2F10900327D82 /* URLSchemes-Prefix.pch */ = {isa = PBXFileReference; lastKnownFileType = sourcecode.c.h; path = "URLSchemes-Prefix.pch"; sourceTree = "<group>"; };
		37451D8015C2F10900327D82 /* AppDelegate.h */ = {isa = PBXFileReference; lastKnownFileType = sourcecode.c.h; path = AppDelegate.h; sourceTree = "<group>"; };
		37451D8115C2F10900327D82 /* AppDelegate.m */ = {isa = PBXFileReference; lastKnownFileType = sourcecode.c.objc; path = AppDelegate.m; sourceTree = "<group>"; };
		37451D8415C2F10900327D82 /* en */ = {isa = PBXFileReference; lastKnownFileType = file.storyboard; name = en; path = en.lproj/MainStoryboard.storyboard; sourceTree = "<group>"; };
		37451D8615C2F10900327D82 /* ViewController.h */ = {isa = PBXFileReference; lastKnownFileType = sourcecode.c.h; path = ViewController.h; sourceTree = "<group>"; };
		37451D8715C2F10900327D82 /* ViewController.m */ = {isa = PBXFileReference; lastKnownFileType = sourcecode.c.objc; path = ViewController.m; sourceTree = "<group>"; };
		37451D9315C2F86500327D82 /* URLParser.h */ = {isa = PBXFileReference; fileEncoding = 4; lastKnownFileType = sourcecode.c.h; path = URLParser.h; sourceTree = "<group>"; };
		37451D9415C2F86500327D82 /* URLParser.m */ = {isa = PBXFileReference; fileEncoding = 4; lastKnownFileType = sourcecode.c.objc; path = URLParser.m; sourceTree = "<group>"; };
		37451D9615C2F87800327D82 /* NSString+URLEncoding.h */ = {isa = PBXFileReference; fileEncoding = 4; lastKnownFileType = sourcecode.c.h; path = "NSString+URLEncoding.h"; sourceTree = "<group>"; };
		37451D9715C2F87800327D82 /* NSString+URLEncoding.m */ = {isa = PBXFileReference; fileEncoding = 4; lastKnownFileType = sourcecode.c.objc; path = "NSString+URLEncoding.m"; sourceTree = "<group>"; };
/* End PBXFileReference section */

/* Begin PBXFrameworksBuildPhase section */
		37451D6A15C2F10900327D82 /* Frameworks */ = {
			isa = PBXFrameworksBuildPhase;
			buildActionMask = 2147483647;
			files = (
				37451D7215C2F10900327D82 /* UIKit.framework in Frameworks */,
				37451D7415C2F10900327D82 /* Foundation.framework in Frameworks */,
				37451D7615C2F10900327D82 /* CoreGraphics.framework in Frameworks */,
			);
			runOnlyForDeploymentPostprocessing = 0;
		};
/* End PBXFrameworksBuildPhase section */

/* Begin PBXGroup section */
		37451D6215C2F10900327D82 = {
			isa = PBXGroup;
			children = (
				37451D7715C2F10900327D82 /* URLSchemes */,
				37451D7015C2F10900327D82 /* Frameworks */,
				37451D6E15C2F10900327D82 /* Products */,
			);
			sourceTree = "<group>";
		};
		37451D6E15C2F10900327D82 /* Products */ = {
			isa = PBXGroup;
			children = (
				37451D6D15C2F10900327D82 /* URLSchemes.app */,
			);
			name = Products;
			sourceTree = "<group>";
		};
		37451D7015C2F10900327D82 /* Frameworks */ = {
			isa = PBXGroup;
			children = (
				37451D7115C2F10900327D82 /* UIKit.framework */,
				37451D7315C2F10900327D82 /* Foundation.framework */,
				37451D7515C2F10900327D82 /* CoreGraphics.framework */,
			);
			name = Frameworks;
			sourceTree = "<group>";
		};
		37451D7715C2F10900327D82 /* URLSchemes */ = {
			isa = PBXGroup;
			children = (
				37451D8015C2F10900327D82 /* AppDelegate.h */,
				37451D8115C2F10900327D82 /* AppDelegate.m */,
				37451D8315C2F10900327D82 /* MainStoryboard.storyboard */,
				37451D8615C2F10900327D82 /* ViewController.h */,
				37451D8715C2F10900327D82 /* ViewController.m */,
				37451D9915C2F87C00327D82 /* Util */,
				37451D7815C2F10900327D82 /* Supporting Files */,
				37152B0415EBD19B0073A628 /* README.markdown */,
			);
			path = URLSchemes;
			sourceTree = "<group>";
		};
		37451D7815C2F10900327D82 /* Supporting Files */ = {
			isa = PBXGroup;
			children = (
				37451D7915C2F10900327D82 /* URLSchemes-Info.plist */,
				37451D7A15C2F10900327D82 /* InfoPlist.strings */,
				37451D7D15C2F10900327D82 /* main.m */,
				37451D7F15C2F10900327D82 /* URLSchemes-Prefix.pch */,
			);
			name = "Supporting Files";
			sourceTree = "<group>";
		};
		37451D9915C2F87C00327D82 /* Util */ = {
			isa = PBXGroup;
			children = (
				37451D9315C2F86500327D82 /* URLParser.h */,
				37451D9415C2F86500327D82 /* URLParser.m */,
				37451D9615C2F87800327D82 /* NSString+URLEncoding.h */,
				37451D9715C2F87800327D82 /* NSString+URLEncoding.m */,
			);
			name = Util;
			sourceTree = "<group>";
		};
/* End PBXGroup section */

/* Begin PBXNativeTarget section */
		37451D6C15C2F10900327D82 /* URLSchemes */ = {
			isa = PBXNativeTarget;
			buildConfigurationList = 37451D8B15C2F10900327D82 /* Build configuration list for PBXNativeTarget "URLSchemes" */;
			buildPhases = (
				37451D6915C2F10900327D82 /* Sources */,
				37451D6A15C2F10900327D82 /* Frameworks */,
				37451D6B15C2F10900327D82 /* Resources */,
			);
			buildRules = (
			);
			dependencies = (
			);
			name = URLSchemes;
			productName = URLSchemes;
			productReference = 37451D6D15C2F10900327D82 /* URLSchemes.app */;
			productType = "com.apple.product-type.application";
		};
/* End PBXNativeTarget section */

/* Begin PBXProject section */
		37451D6415C2F10900327D82 /* Project object */ = {
			isa = PBXProject;
			attributes = {
				LastUpgradeCheck = 0440;
				ORGANIZATIONNAME = "Agile Tortoise, Inc.";
			};
			buildConfigurationList = 37451D6715C2F10900327D82 /* Build configuration list for PBXProject "URLSchemes" */;
			compatibilityVersion = "Xcode 3.2";
			developmentRegion = English;
			hasScannedForEncodings = 0;
			knownRegions = (
				en,
			);
			mainGroup = 37451D6215C2F10900327D82;
			productRefGroup = 37451D6E15C2F10900327D82 /* Products */;
			projectDirPath = "";
			projectRoot = "";
			targets = (
				37451D6C15C2F10900327D82 /* URLSchemes */,
			);
		};
/* End PBXProject section */

/* Begin PBXResourcesBuildPhase section */
		37451D6B15C2F10900327D82 /* Resources */ = {
			isa = PBXResourcesBuildPhase;
			buildActionMask = 2147483647;
			files = (
				37451D7C15C2F10900327D82 /* InfoPlist.strings in Resources */,
				37451D8515C2F10900327D82 /* MainStoryboard.storyboard in Resources */,
				37152B0515EBD19B0073A628 /* README.markdown in Resources */,
			);
			runOnlyForDeploymentPostprocessing = 0;
		};
/* End PBXResourcesBuildPhase section */

/* Begin PBXSourcesBuildPhase section */
		37451D6915C2F10900327D82 /* Sources */ = {
			isa = PBXSourcesBuildPhase;
			buildActionMask = 2147483647;
			files = (
				37451D7E15C2F10900327D82 /* main.m in Sources */,
				37451D8215C2F10900327D82 /* AppDelegate.m in Sources */,
				37451D8815C2F10900327D82 /* ViewController.m in Sources */,
				37451D9515C2F86500327D82 /* URLParser.m in Sources */,
				37451D9815C2F87800327D82 /* NSString+URLEncoding.m in Sources */,
			);
			runOnlyForDeploymentPostprocessing = 0;
		};
/* End PBXSourcesBuildPhase section */

/* Begin PBXVariantGroup section */
		37451D7A15C2F10900327D82 /* InfoPlist.strings */ = {
			isa = PBXVariantGroup;
			children = (
				37451D7B15C2F10900327D82 /* en */,
			);
			name = InfoPlist.strings;
			sourceTree = "<group>";
		};
		37451D8315C2F10900327D82 /* MainStoryboard.storyboard */ = {
			isa = PBXVariantGroup;
			children = (
				37451D8415C2F10900327D82 /* en */,
			);
			name = MainStoryboard.storyboard;
			sourceTree = "<group>";
		};
/* End PBXVariantGroup section */

/* Begin XCBuildConfiguration section */
		37451D8915C2F10900327D82 /* Debug */ = {
			isa = XCBuildConfiguration;
			buildSettings = {
				ALWAYS_SEARCH_USER_PATHS = NO;
				ARCHS = "$(ARCHS_STANDARD_32_BIT)";
				CLANG_CXX_LANGUAGE_STANDARD = "gnu++0x";
				CLANG_ENABLE_OBJC_ARC = YES;
				CLANG_WARN__DUPLICATE_METHOD_MATCH = YES;
				"CODE_SIGN_IDENTITY[sdk=iphoneos*]" = "iPhone Developer";
				COPY_PHASE_STRIP = NO;
				GCC_C_LANGUAGE_STANDARD = gnu99;
				GCC_DYNAMIC_NO_PIC = NO;
				GCC_OPTIMIZATION_LEVEL = 0;
				GCC_PREPROCESSOR_DEFINITIONS = (
					"DEBUG=1",
					"$(inherited)",
				);
				GCC_SYMBOLS_PRIVATE_EXTERN = NO;
				GCC_VERSION = com.apple.compilers.llvm.clang.1_0;
				GCC_WARN_ABOUT_RETURN_TYPE = YES;
				GCC_WARN_UNINITIALIZED_AUTOS = YES;
				GCC_WARN_UNUSED_VARIABLE = YES;
				IPHONEOS_DEPLOYMENT_TARGET = 5.1;
				SDKROOT = iphoneos;
			};
			name = Debug;
		};
		37451D8A15C2F10900327D82 /* Release */ = {
			isa = XCBuildConfiguration;
			buildSettings = {
				ALWAYS_SEARCH_USER_PATHS = NO;
				ARCHS = "$(ARCHS_STANDARD_32_BIT)";
				CLANG_CXX_LANGUAGE_STANDARD = "gnu++0x";
				CLANG_ENABLE_OBJC_ARC = YES;
				CLANG_WARN__DUPLICATE_METHOD_MATCH = YES;
				"CODE_SIGN_IDENTITY[sdk=iphoneos*]" = "iPhone Developer";
				COPY_PHASE_STRIP = YES;
				GCC_C_LANGUAGE_STANDARD = gnu99;
				GCC_VERSION = com.apple.compilers.llvm.clang.1_0;
				GCC_WARN_ABOUT_RETURN_TYPE = YES;
				GCC_WARN_UNINITIALIZED_AUTOS = YES;
				GCC_WARN_UNUSED_VARIABLE = YES;
				IPHONEOS_DEPLOYMENT_TARGET = 5.1;
				OTHER_CFLAGS = "-DNS_BLOCK_ASSERTIONS=1";
				SDKROOT = iphoneos;
				VALIDATE_PRODUCT = YES;
			};
			name = Release;
		};
		37451D8C15C2F10900327D82 /* Debug */ = {
			isa = XCBuildConfiguration;
			buildSettings = {
				GCC_PRECOMPILE_PREFIX_HEADER = YES;
				GCC_PREFIX_HEADER = "URLSchemes/URLSchemes-Prefix.pch";
				INFOPLIST_FILE = "URLSchemes/URLSchemes-Info.plist";
				PRODUCT_NAME = "$(TARGET_NAME)";
				WRAPPER_EXTENSION = app;
			};
			name = Debug;
		};
		37451D8D15C2F10900327D82 /* Release */ = {
			isa = XCBuildConfiguration;
			buildSettings = {
				GCC_PRECOMPILE_PREFIX_HEADER = YES;
				GCC_PREFIX_HEADER = "URLSchemes/URLSchemes-Prefix.pch";
				INFOPLIST_FILE = "URLSchemes/URLSchemes-Info.plist";
				PRODUCT_NAME = "$(TARGET_NAME)";
				WRAPPER_EXTENSION = app;
			};
			name = Release;
		};
/* End XCBuildConfiguration section */

/* Begin XCConfigurationList section */
		37451D6715C2F10900327D82 /* Build configuration list for PBXProject "URLSchemes" */ = {
			isa = XCConfigurationList;
			buildConfigurations = (
				37451D8915C2F10900327D82 /* Debug */,
				37451D8A15C2F10900327D82 /* Release */,
			);
			defaultConfigurationIsVisible = 0;
			defaultConfigurationName = Release;
		};
		37451D8B15C2F10900327D82 /* Build configuration list for PBXNativeTarget "URLSchemes" */ = {
			isa = XCConfigurationList;
			buildConfigurations = (
				37451D8C15C2F10900327D82 /* Debug */,
				37451D8D15C2F10900327D82 /* Release */,
			);
			defaultConfigurationIsVisible = 0;
			defaultConfigurationName = Release;
		};
/* End XCConfigurationList section */
	};
	rootObject = 37451D6415C2F10900327D82 /* Project object */;
}
